
Microsoft Visual Studio Solution File, Format Version 12.00
# Visual Studio 15
VisualStudioVersion = 15.0.27703.2042
MinimumVisualStudioVersion = 10.0.40219.1
Project("{9A19103F-16F7-4668-BE54-9A1E7A4F7556}") = "AvaloniaDisciplesII", "AvaloniaDisciplesII\AvaloniaDisciplesII.csproj", "{F5801B0E-D84A-43ED-9575-D0AA0FB4EB10}"
EndProject
Project("{9A19103F-16F7-4668-BE54-9A1E7A4F7556}") = "Engine", "Engine\Engine.csproj", "{776E40D0-F4E1-4CE0-A408-6DD48B456805}"
EndProject
Project("{9A19103F-16F7-4668-BE54-9A1E7A4F7556}") = "ResourceProvider", "ResourceProvider\ResourceProvider.csproj", "{081F4FC9-4C43-4C37-B33B-25AF509D692C}"
EndProject
Global
	GlobalSection(SolutionConfigurationPlatforms) = preSolution
		Debug|Any CPU = Debug|Any CPU
		Release|Any CPU = Release|Any CPU
	EndGlobalSection
	GlobalSection(ProjectConfigurationPlatforms) = postSolution
		{F5801B0E-D84A-43ED-9575-D0AA0FB4EB10}.Debug|Any CPU.ActiveCfg = Debug|Any CPU
		{F5801B0E-D84A-43ED-9575-D0AA0FB4EB10}.Debug|Any CPU.Build.0 = Debug|Any CPU
		{F5801B0E-D84A-43ED-9575-D0AA0FB4EB10}.Release|Any CPU.ActiveCfg = Release|Any CPU
		{F5801B0E-D84A-43ED-9575-D0AA0FB4EB10}.Release|Any CPU.Build.0 = Release|Any CPU
		{776E40D0-F4E1-4CE0-A408-6DD48B456805}.Debug|Any CPU.ActiveCfg = Debug|Any CPU
		{776E40D0-F4E1-4CE0-A408-6DD48B456805}.Debug|Any CPU.Build.0 = Debug|Any CPU
		{776E40D0-F4E1-4CE0-A408-6DD48B456805}.Release|Any CPU.ActiveCfg = Release|Any CPU
		{776E40D0-F4E1-4CE0-A408-6DD48B456805}.Release|Any CPU.Build.0 = Release|Any CPU
		{081F4FC9-4C43-4C37-B33B-25AF509D692C}.Debug|Any CPU.ActiveCfg = Debug|Any CPU
		{081F4FC9-4C43-4C37-B33B-25AF509D692C}.Debug|Any CPU.Build.0 = Debug|Any CPU
		{081F4FC9-4C43-4C37-B33B-25AF509D692C}.Release|Any CPU.ActiveCfg = Release|Any CPU
		{081F4FC9-4C43-4C37-B33B-25AF509D692C}.Release|Any CPU.Build.0 = Release|Any CPU
	EndGlobalSection
	GlobalSection(SolutionProperties) = preSolution
		HideSolutionNode = FALSE
	EndGlobalSection
	GlobalSection(ExtensibilityGlobals) = postSolution
		SolutionGuid = {0E186CCB-6441-4721-BA47-1C0F06A46447}
	EndGlobalSection
EndGlobal
