
Microsoft Visual Studio Solution File, Format Version 12.00
# Visual Studio Version 17
VisualStudioVersion = 17.5.33414.496
MinimumVisualStudioVersion = 10.0.40219.1
Project("{9A19103F-16F7-4668-BE54-9A1E7A4F7556}") = "Disciples.Engine", "Disciples.Engine\Disciples.Engine.csproj", "{776E40D0-F4E1-4CE0-A408-6DD48B456805}"
EndProject
Project("{9A19103F-16F7-4668-BE54-9A1E7A4F7556}") = "Disciples.ResourceProvider", "Disciples.ResourceProvider\Disciples.ResourceProvider.csproj", "{081F4FC9-4C43-4C37-B33B-25AF509D692C}"
EndProject
Project("{9A19103F-16F7-4668-BE54-9A1E7A4F7556}") = "Disciples.Engine.Implementation", "Disciples.Engine.Implementation\Disciples.Engine.Implementation.csproj", "{B68DA9D6-3E28-4234-ADB8-48029EC729C2}"
EndProject
Project("{9A19103F-16F7-4668-BE54-9A1E7A4F7556}") = "Disciples.Common", "Disciples.Common\Disciples.Common.csproj", "{672F5E77-50F0-49BD-8A6A-D93B5C59A660}"
EndProject
Project("{9A19103F-16F7-4668-BE54-9A1E7A4F7556}") = "Disciples.Engine.Platform", "Disciples.Engine.Platform\Disciples.Engine.Platform.csproj", "{B140D92D-D12B-4524-A330-EC46A7784E59}"
EndProject
Project("{9A19103F-16F7-4668-BE54-9A1E7A4F7556}") = "Disciples.WPF", "Disciples.WPF\Disciples.WPF.csproj", "{65A059DB-14F0-443D-9537-AE80B527213A}"
EndProject
Project("{9A19103F-16F7-4668-BE54-9A1E7A4F7556}") = "Disciples.Avalonia", "Disciples.Avalonia\Disciples.Avalonia.csproj", "{5D79D303-F56F-4C54-AA0B-68944D6C8D03}"
EndProject
Project("{2150E333-8FDC-42A3-9474-1A3956D46DE8}") = "Scenes", "Scenes", "{EAEEE9BB-F500-4270-A2D9-23BFBB391D45}"
EndProject
Project("{9A19103F-16F7-4668-BE54-9A1E7A4F7556}") = "Disciples.Scene.Loading", "Disciples.Scene.Loading\Disciples.Scene.Loading.csproj", "{D764FD71-7E95-49A4-BB3E-728E07CD88E1}"
EndProject
Project("{9A19103F-16F7-4668-BE54-9A1E7A4F7556}") = "Disciples.Scene.Battle", "Disciples.Scene.Battle\Disciples.Scene.Battle.csproj", "{B37ABF40-108C-40C8-BAA0-43DEADE8E39A}"
EndProject
Project("{FAE04EC0-301F-11D3-BF4B-00C04F79EFBC}") = "Disciples.Resources.Database", "Disciples.Resources.Database\Disciples.Resources.Database.csproj", "{CD2CAEDC-10B2-4988-BF07-6DB29B726BC8}"
EndProject
Global
	GlobalSection(SolutionConfigurationPlatforms) = preSolution
		Debug|Any CPU = Debug|Any CPU
		Release|Any CPU = Release|Any CPU
	EndGlobalSection
	GlobalSection(ProjectConfigurationPlatforms) = postSolution
		{776E40D0-F4E1-4CE0-A408-6DD48B456805}.Debug|Any CPU.ActiveCfg = Debug|Any CPU
		{776E40D0-F4E1-4CE0-A408-6DD48B456805}.Debug|Any CPU.Build.0 = Debug|Any CPU
		{776E40D0-F4E1-4CE0-A408-6DD48B456805}.Release|Any CPU.ActiveCfg = Release|Any CPU
		{776E40D0-F4E1-4CE0-A408-6DD48B456805}.Release|Any CPU.Build.0 = Release|Any CPU
		{081F4FC9-4C43-4C37-B33B-25AF509D692C}.Debug|Any CPU.ActiveCfg = Debug|Any CPU
		{081F4FC9-4C43-4C37-B33B-25AF509D692C}.Debug|Any CPU.Build.0 = Debug|Any CPU
		{081F4FC9-4C43-4C37-B33B-25AF509D692C}.Release|Any CPU.ActiveCfg = Release|Any CPU
		{081F4FC9-4C43-4C37-B33B-25AF509D692C}.Release|Any CPU.Build.0 = Release|Any CPU
		{B68DA9D6-3E28-4234-ADB8-48029EC729C2}.Debug|Any CPU.ActiveCfg = Debug|Any CPU
		{B68DA9D6-3E28-4234-ADB8-48029EC729C2}.Debug|Any CPU.Build.0 = Debug|Any CPU
		{B68DA9D6-3E28-4234-ADB8-48029EC729C2}.Release|Any CPU.ActiveCfg = Release|Any CPU
		{B68DA9D6-3E28-4234-ADB8-48029EC729C2}.Release|Any CPU.Build.0 = Release|Any CPU
		{672F5E77-50F0-49BD-8A6A-D93B5C59A660}.Debug|Any CPU.ActiveCfg = Debug|Any CPU
		{672F5E77-50F0-49BD-8A6A-D93B5C59A660}.Debug|Any CPU.Build.0 = Debug|Any CPU
		{672F5E77-50F0-49BD-8A6A-D93B5C59A660}.Release|Any CPU.ActiveCfg = Release|Any CPU
		{672F5E77-50F0-49BD-8A6A-D93B5C59A660}.Release|Any CPU.Build.0 = Release|Any CPU
		{B140D92D-D12B-4524-A330-EC46A7784E59}.Debug|Any CPU.ActiveCfg = Debug|Any CPU
		{B140D92D-D12B-4524-A330-EC46A7784E59}.Debug|Any CPU.Build.0 = Debug|Any CPU
		{B140D92D-D12B-4524-A330-EC46A7784E59}.Release|Any CPU.ActiveCfg = Release|Any CPU
		{B140D92D-D12B-4524-A330-EC46A7784E59}.Release|Any CPU.Build.0 = Release|Any CPU
		{65A059DB-14F0-443D-9537-AE80B527213A}.Debug|Any CPU.ActiveCfg = Debug|Any CPU
		{65A059DB-14F0-443D-9537-AE80B527213A}.Debug|Any CPU.Build.0 = Debug|Any CPU
		{65A059DB-14F0-443D-9537-AE80B527213A}.Release|Any CPU.ActiveCfg = Release|Any CPU
		{65A059DB-14F0-443D-9537-AE80B527213A}.Release|Any CPU.Build.0 = Release|Any CPU
		{5D79D303-F56F-4C54-AA0B-68944D6C8D03}.Debug|Any CPU.ActiveCfg = Debug|Any CPU
		{5D79D303-F56F-4C54-AA0B-68944D6C8D03}.Debug|Any CPU.Build.0 = Debug|Any CPU
		{5D79D303-F56F-4C54-AA0B-68944D6C8D03}.Release|Any CPU.ActiveCfg = Release|Any CPU
		{5D79D303-F56F-4C54-AA0B-68944D6C8D03}.Release|Any CPU.Build.0 = Release|Any CPU
		{D764FD71-7E95-49A4-BB3E-728E07CD88E1}.Debug|Any CPU.ActiveCfg = Debug|Any CPU
		{D764FD71-7E95-49A4-BB3E-728E07CD88E1}.Debug|Any CPU.Build.0 = Debug|Any CPU
		{D764FD71-7E95-49A4-BB3E-728E07CD88E1}.Release|Any CPU.ActiveCfg = Release|Any CPU
		{D764FD71-7E95-49A4-BB3E-728E07CD88E1}.Release|Any CPU.Build.0 = Release|Any CPU
		{B37ABF40-108C-40C8-BAA0-43DEADE8E39A}.Debug|Any CPU.ActiveCfg = Debug|Any CPU
		{B37ABF40-108C-40C8-BAA0-43DEADE8E39A}.Debug|Any CPU.Build.0 = Debug|Any CPU
		{B37ABF40-108C-40C8-BAA0-43DEADE8E39A}.Release|Any CPU.ActiveCfg = Release|Any CPU
		{B37ABF40-108C-40C8-BAA0-43DEADE8E39A}.Release|Any CPU.Build.0 = Release|Any CPU
		{CD2CAEDC-10B2-4988-BF07-6DB29B726BC8}.Debug|Any CPU.ActiveCfg = Debug|Any CPU
		{CD2CAEDC-10B2-4988-BF07-6DB29B726BC8}.Debug|Any CPU.Build.0 = Debug|Any CPU
		{CD2CAEDC-10B2-4988-BF07-6DB29B726BC8}.Release|Any CPU.ActiveCfg = Release|Any CPU
		{CD2CAEDC-10B2-4988-BF07-6DB29B726BC8}.Release|Any CPU.Build.0 = Release|Any CPU
	EndGlobalSection
	GlobalSection(SolutionProperties) = preSolution
		HideSolutionNode = FALSE
	EndGlobalSection
	GlobalSection(NestedProjects) = preSolution
		{D764FD71-7E95-49A4-BB3E-728E07CD88E1} = {EAEEE9BB-F500-4270-A2D9-23BFBB391D45}
		{B37ABF40-108C-40C8-BAA0-43DEADE8E39A} = {EAEEE9BB-F500-4270-A2D9-23BFBB391D45}
	EndGlobalSection
	GlobalSection(ExtensibilityGlobals) = postSolution
		SolutionGuid = {0E186CCB-6441-4721-BA47-1C0F06A46447}
	EndGlobalSection
EndGlobal
