
Microsoft Visual Studio Solution File, Format Version 12.00
# Visual Studio Version 17
VisualStudioVersion = 17.5.33414.496
MinimumVisualStudioVersion = 10.0.40219.1
Project("{9A19103F-16F7-4668-BE54-9A1E7A4F7556}") = "Disciples.Engine", "src\Disciples.Engine\Disciples.Engine.csproj", "{776E40D0-F4E1-4CE0-A408-6DD48B456805}"
EndProject
Project("{9A19103F-16F7-4668-BE54-9A1E7A4F7556}") = "Disciples.Engine.Implementation", "src\Disciples.Engine.Implementation\Disciples.Engine.Implementation.csproj", "{B68DA9D6-3E28-4234-ADB8-48029EC729C2}"
EndProject
Project("{9A19103F-16F7-4668-BE54-9A1E7A4F7556}") = "Disciples.Common", "src\Disciples.Common\Disciples.Common.csproj", "{672F5E77-50F0-49BD-8A6A-D93B5C59A660}"
EndProject
Project("{9A19103F-16F7-4668-BE54-9A1E7A4F7556}") = "Disciples.Engine.Platform", "src\Disciples.Engine.Platform\Disciples.Engine.Platform.csproj", "{B140D92D-D12B-4524-A330-EC46A7784E59}"
EndProject
Project("{9A19103F-16F7-4668-BE54-9A1E7A4F7556}") = "Disciples.WPF", "src\Disciples.WPF\Disciples.WPF.csproj", "{65A059DB-14F0-443D-9537-AE80B527213A}"
EndProject
Project("{9A19103F-16F7-4668-BE54-9A1E7A4F7556}") = "Disciples.Avalonia", "src\Disciples.Avalonia\Disciples.Avalonia.csproj", "{5D79D303-F56F-4C54-AA0B-68944D6C8D03}"
EndProject
Project("{2150E333-8FDC-42A3-9474-1A3956D46DE8}") = "Scenes", "Scenes", "{EAEEE9BB-F500-4270-A2D9-23BFBB391D45}"
EndProject
Project("{9A19103F-16F7-4668-BE54-9A1E7A4F7556}") = "Disciples.Scene.LoadingGame", "src\Scenes\Disciples.Scene.LoadingGame\Disciples.Scene.LoadingGame.csproj", "{D764FD71-7E95-49A4-BB3E-728E07CD88E1}"
EndProject
Project("{9A19103F-16F7-4668-BE54-9A1E7A4F7556}") = "Disciples.Scene.Battle", "src\Scenes\Disciples.Scene.Battle\Disciples.Scene.Battle.csproj", "{B37ABF40-108C-40C8-BAA0-43DEADE8E39A}"
EndProject
Project("{9A19103F-16F7-4668-BE54-9A1E7A4F7556}") = "Disciples.Resources.Database.Dbf", "src\Resources\Disciples.Resources.Database.Dbf\Disciples.Resources.Database.Dbf.csproj", "{CD2CAEDC-10B2-4988-BF07-6DB29B726BC8}"
EndProject
Project("{2150E333-8FDC-42A3-9474-1A3956D46DE8}") = "Resources", "Resources", "{62DD857E-7DB8-47FF-AFAC-88F89AB3FF2D}"
EndProject
Project("{9A19103F-16F7-4668-BE54-9A1E7A4F7556}") = "Disciples.Resources.Database.Sqlite", "src\Resources\Disciples.Resources.Database.Sqlite\Disciples.Resources.Database.Sqlite.csproj", "{70ADC080-BE40-45D5-82CF-DC4CABA22D13}"
EndProject
Project("{9A19103F-16F7-4668-BE54-9A1E7A4F7556}") = "Disciples.Resources.Database.Sqlite.Migrator", "src\Resources\Disciples.Resources.Database.Sqlite.Migrator\Disciples.Resources.Database.Sqlite.Migrator.csproj", "{7478B22C-CB31-4093-AB9C-8E1C4E8DD968}"
EndProject
Project("{9A19103F-16F7-4668-BE54-9A1E7A4F7556}") = "Disciples.Resources.Images", "src\Resources\Disciples.Resources.Images\Disciples.Resources.Images.csproj", "{C3F9BDC6-6C7D-4000-A3BD-B7F5C7015BEB}"
EndProject
Project("{9A19103F-16F7-4668-BE54-9A1E7A4F7556}") = "Disciples.Resources.Sounds", "src\Resources\Disciples.Resources.Sounds\Disciples.Resources.Sounds.csproj", "{E5453CD9-6587-484D-97E2-AE75206771F8}"
EndProject
Project("{9A19103F-16F7-4668-BE54-9A1E7A4F7556}") = "Disciples.Engine.Game", "src\Disciples.Engine.Game\Disciples.Engine.Game.csproj", "{9728EECF-382F-46E7-A509-2FAF0B50DDFA}"
EndProject
Project("{9A19103F-16F7-4668-BE54-9A1E7A4F7556}") = "Disciples.Resources.Common", "src\Resources\Disciples.Resources.Common\Disciples.Resources.Common.csproj", "{E6BF39E8-2957-4547-9F80-50A6AB6CFCE2}"
EndProject
Project("{9A19103F-16F7-4668-BE54-9A1E7A4F7556}") = "Disciples.Scene.LoadingSave", "src\Scenes\Disciples.Scene.LoadingSave\Disciples.Scene.LoadingSave.csproj", "{A6A867FE-3827-4F7D-BCB6-D0B29459C8AF}"
EndProject
Project("{9A19103F-16F7-4668-BE54-9A1E7A4F7556}") = "Disciples.Scene.LoadSaga", "src\Scenes\Disciples.Scene.LoadSaga\Disciples.Scene.LoadSaga.csproj", "{5973C421-2649-4BA7-B85D-B639351F2DD5}"
EndProject
Project("{9A19103F-16F7-4668-BE54-9A1E7A4F7556}") = "Disciples.Scene.MainMenu", "src\Scenes\Disciples.Scene.MainMenu\Disciples.Scene.MainMenu.csproj", "{55991733-4817-484C-B109-E76B665100D0}"
EndProject
Project("{9A19103F-16F7-4668-BE54-9A1E7A4F7556}") = "Disciples.Scene.SinglePlayerGameMenu", "src\Scenes\Disciples.Scene.SinglePlayerGameMenu\Disciples.Scene.SinglePlayerGameMenu.csproj", "{F1814564-B7B0-4480-993C-698C364EBC04}"
EndProject
Project("{FAE04EC0-301F-11D3-BF4B-00C04F79EFBC}") = "Disciples.Scene.Video", "src\Scenes\Disciples.Scene.Video\Disciples.Scene.Video.csproj", "{78BD330B-ACED-438C-AB89-77FDF7F72742}"
EndProject
Global
	GlobalSection(SolutionConfigurationPlatforms) = preSolution
		Debug|Any CPU = Debug|Any CPU
		Release|Any CPU = Release|Any CPU
	EndGlobalSection
	GlobalSection(ProjectConfigurationPlatforms) = postSolution
		{776E40D0-F4E1-4CE0-A408-6DD48B456805}.Debug|Any CPU.ActiveCfg = Debug|Any CPU
		{776E40D0-F4E1-4CE0-A408-6DD48B456805}.Debug|Any CPU.Build.0 = Debug|Any CPU
		{776E40D0-F4E1-4CE0-A408-6DD48B456805}.Release|Any CPU.ActiveCfg = Release|Any CPU
		{776E40D0-F4E1-4CE0-A408-6DD48B456805}.Release|Any CPU.Build.0 = Release|Any CPU
		{B68DA9D6-3E28-4234-ADB8-48029EC729C2}.Debug|Any CPU.ActiveCfg = Debug|Any CPU
		{B68DA9D6-3E28-4234-ADB8-48029EC729C2}.Debug|Any CPU.Build.0 = Debug|Any CPU
		{B68DA9D6-3E28-4234-ADB8-48029EC729C2}.Release|Any CPU.ActiveCfg = Release|Any CPU
		{B68DA9D6-3E28-4234-ADB8-48029EC729C2}.Release|Any CPU.Build.0 = Release|Any CPU
		{672F5E77-50F0-49BD-8A6A-D93B5C59A660}.Debug|Any CPU.ActiveCfg = Debug|Any CPU
		{672F5E77-50F0-49BD-8A6A-D93B5C59A660}.Debug|Any CPU.Build.0 = Debug|Any CPU
		{672F5E77-50F0-49BD-8A6A-D93B5C59A660}.Release|Any CPU.ActiveCfg = Release|Any CPU
		{672F5E77-50F0-49BD-8A6A-D93B5C59A660}.Release|Any CPU.Build.0 = Release|Any CPU
		{B140D92D-D12B-4524-A330-EC46A7784E59}.Debug|Any CPU.ActiveCfg = Debug|Any CPU
		{B140D92D-D12B-4524-A330-EC46A7784E59}.Debug|Any CPU.Build.0 = Debug|Any CPU
		{B140D92D-D12B-4524-A330-EC46A7784E59}.Release|Any CPU.ActiveCfg = Release|Any CPU
		{B140D92D-D12B-4524-A330-EC46A7784E59}.Release|Any CPU.Build.0 = Release|Any CPU
		{65A059DB-14F0-443D-9537-AE80B527213A}.Debug|Any CPU.ActiveCfg = Debug|Any CPU
		{65A059DB-14F0-443D-9537-AE80B527213A}.Debug|Any CPU.Build.0 = Debug|Any CPU
		{65A059DB-14F0-443D-9537-AE80B527213A}.Release|Any CPU.ActiveCfg = Release|Any CPU
		{65A059DB-14F0-443D-9537-AE80B527213A}.Release|Any CPU.Build.0 = Release|Any CPU
		{5D79D303-F56F-4C54-AA0B-68944D6C8D03}.Debug|Any CPU.ActiveCfg = Debug|Any CPU
		{5D79D303-F56F-4C54-AA0B-68944D6C8D03}.Debug|Any CPU.Build.0 = Debug|Any CPU
		{5D79D303-F56F-4C54-AA0B-68944D6C8D03}.Release|Any CPU.ActiveCfg = Release|Any CPU
		{5D79D303-F56F-4C54-AA0B-68944D6C8D03}.Release|Any CPU.Build.0 = Release|Any CPU
		{D764FD71-7E95-49A4-BB3E-728E07CD88E1}.Debug|Any CPU.ActiveCfg = Debug|Any CPU
		{D764FD71-7E95-49A4-BB3E-728E07CD88E1}.Debug|Any CPU.Build.0 = Debug|Any CPU
		{D764FD71-7E95-49A4-BB3E-728E07CD88E1}.Release|Any CPU.ActiveCfg = Release|Any CPU
		{D764FD71-7E95-49A4-BB3E-728E07CD88E1}.Release|Any CPU.Build.0 = Release|Any CPU
		{B37ABF40-108C-40C8-BAA0-43DEADE8E39A}.Debug|Any CPU.ActiveCfg = Debug|Any CPU
		{B37ABF40-108C-40C8-BAA0-43DEADE8E39A}.Debug|Any CPU.Build.0 = Debug|Any CPU
		{B37ABF40-108C-40C8-BAA0-43DEADE8E39A}.Release|Any CPU.ActiveCfg = Release|Any CPU
		{B37ABF40-108C-40C8-BAA0-43DEADE8E39A}.Release|Any CPU.Build.0 = Release|Any CPU
		{CD2CAEDC-10B2-4988-BF07-6DB29B726BC8}.Debug|Any CPU.ActiveCfg = Debug|Any CPU
		{CD2CAEDC-10B2-4988-BF07-6DB29B726BC8}.Debug|Any CPU.Build.0 = Debug|Any CPU
		{CD2CAEDC-10B2-4988-BF07-6DB29B726BC8}.Release|Any CPU.ActiveCfg = Release|Any CPU
		{CD2CAEDC-10B2-4988-BF07-6DB29B726BC8}.Release|Any CPU.Build.0 = Release|Any CPU
		{70ADC080-BE40-45D5-82CF-DC4CABA22D13}.Debug|Any CPU.ActiveCfg = Debug|Any CPU
		{70ADC080-BE40-45D5-82CF-DC4CABA22D13}.Debug|Any CPU.Build.0 = Debug|Any CPU
		{70ADC080-BE40-45D5-82CF-DC4CABA22D13}.Release|Any CPU.ActiveCfg = Release|Any CPU
		{70ADC080-BE40-45D5-82CF-DC4CABA22D13}.Release|Any CPU.Build.0 = Release|Any CPU
		{7478B22C-CB31-4093-AB9C-8E1C4E8DD968}.Debug|Any CPU.ActiveCfg = Debug|Any CPU
		{7478B22C-CB31-4093-AB9C-8E1C4E8DD968}.Debug|Any CPU.Build.0 = Debug|Any CPU
		{7478B22C-CB31-4093-AB9C-8E1C4E8DD968}.Release|Any CPU.ActiveCfg = Release|Any CPU
		{7478B22C-CB31-4093-AB9C-8E1C4E8DD968}.Release|Any CPU.Build.0 = Release|Any CPU
		{C3F9BDC6-6C7D-4000-A3BD-B7F5C7015BEB}.Debug|Any CPU.ActiveCfg = Debug|Any CPU
		{C3F9BDC6-6C7D-4000-A3BD-B7F5C7015BEB}.Debug|Any CPU.Build.0 = Debug|Any CPU
		{C3F9BDC6-6C7D-4000-A3BD-B7F5C7015BEB}.Release|Any CPU.ActiveCfg = Release|Any CPU
		{C3F9BDC6-6C7D-4000-A3BD-B7F5C7015BEB}.Release|Any CPU.Build.0 = Release|Any CPU
		{E5453CD9-6587-484D-97E2-AE75206771F8}.Debug|Any CPU.ActiveCfg = Debug|Any CPU
		{E5453CD9-6587-484D-97E2-AE75206771F8}.Debug|Any CPU.Build.0 = Debug|Any CPU
		{E5453CD9-6587-484D-97E2-AE75206771F8}.Release|Any CPU.ActiveCfg = Release|Any CPU
		{E5453CD9-6587-484D-97E2-AE75206771F8}.Release|Any CPU.Build.0 = Release|Any CPU
		{9728EECF-382F-46E7-A509-2FAF0B50DDFA}.Debug|Any CPU.ActiveCfg = Debug|Any CPU
		{9728EECF-382F-46E7-A509-2FAF0B50DDFA}.Debug|Any CPU.Build.0 = Debug|Any CPU
		{9728EECF-382F-46E7-A509-2FAF0B50DDFA}.Release|Any CPU.ActiveCfg = Release|Any CPU
		{9728EECF-382F-46E7-A509-2FAF0B50DDFA}.Release|Any CPU.Build.0 = Release|Any CPU
		{E6BF39E8-2957-4547-9F80-50A6AB6CFCE2}.Debug|Any CPU.ActiveCfg = Debug|Any CPU
		{E6BF39E8-2957-4547-9F80-50A6AB6CFCE2}.Debug|Any CPU.Build.0 = Debug|Any CPU
		{E6BF39E8-2957-4547-9F80-50A6AB6CFCE2}.Release|Any CPU.ActiveCfg = Release|Any CPU
		{E6BF39E8-2957-4547-9F80-50A6AB6CFCE2}.Release|Any CPU.Build.0 = Release|Any CPU
		{A6A867FE-3827-4F7D-BCB6-D0B29459C8AF}.Debug|Any CPU.ActiveCfg = Debug|Any CPU
		{A6A867FE-3827-4F7D-BCB6-D0B29459C8AF}.Debug|Any CPU.Build.0 = Debug|Any CPU
		{A6A867FE-3827-4F7D-BCB6-D0B29459C8AF}.Release|Any CPU.ActiveCfg = Release|Any CPU
		{A6A867FE-3827-4F7D-BCB6-D0B29459C8AF}.Release|Any CPU.Build.0 = Release|Any CPU
		{5973C421-2649-4BA7-B85D-B639351F2DD5}.Debug|Any CPU.ActiveCfg = Debug|Any CPU
		{5973C421-2649-4BA7-B85D-B639351F2DD5}.Debug|Any CPU.Build.0 = Debug|Any CPU
		{5973C421-2649-4BA7-B85D-B639351F2DD5}.Release|Any CPU.ActiveCfg = Release|Any CPU
		{5973C421-2649-4BA7-B85D-B639351F2DD5}.Release|Any CPU.Build.0 = Release|Any CPU
		{55991733-4817-484C-B109-E76B665100D0}.Debug|Any CPU.ActiveCfg = Debug|Any CPU
		{55991733-4817-484C-B109-E76B665100D0}.Debug|Any CPU.Build.0 = Debug|Any CPU
		{55991733-4817-484C-B109-E76B665100D0}.Release|Any CPU.ActiveCfg = Release|Any CPU
		{55991733-4817-484C-B109-E76B665100D0}.Release|Any CPU.Build.0 = Release|Any CPU
		{F1814564-B7B0-4480-993C-698C364EBC04}.Debug|Any CPU.ActiveCfg = Debug|Any CPU
		{F1814564-B7B0-4480-993C-698C364EBC04}.Debug|Any CPU.Build.0 = Debug|Any CPU
		{F1814564-B7B0-4480-993C-698C364EBC04}.Release|Any CPU.ActiveCfg = Release|Any CPU
		{F1814564-B7B0-4480-993C-698C364EBC04}.Release|Any CPU.Build.0 = Release|Any CPU
		{78BD330B-ACED-438C-AB89-77FDF7F72742}.Debug|Any CPU.ActiveCfg = Debug|Any CPU
		{78BD330B-ACED-438C-AB89-77FDF7F72742}.Debug|Any CPU.Build.0 = Debug|Any CPU
		{78BD330B-ACED-438C-AB89-77FDF7F72742}.Release|Any CPU.ActiveCfg = Release|Any CPU
		{78BD330B-ACED-438C-AB89-77FDF7F72742}.Release|Any CPU.Build.0 = Release|Any CPU
	EndGlobalSection
	GlobalSection(SolutionProperties) = preSolution
		HideSolutionNode = FALSE
	EndGlobalSection
	GlobalSection(NestedProjects) = preSolution
		{D764FD71-7E95-49A4-BB3E-728E07CD88E1} = {EAEEE9BB-F500-4270-A2D9-23BFBB391D45}
		{B37ABF40-108C-40C8-BAA0-43DEADE8E39A} = {EAEEE9BB-F500-4270-A2D9-23BFBB391D45}
		{CD2CAEDC-10B2-4988-BF07-6DB29B726BC8} = {62DD857E-7DB8-47FF-AFAC-88F89AB3FF2D}
		{70ADC080-BE40-45D5-82CF-DC4CABA22D13} = {62DD857E-7DB8-47FF-AFAC-88F89AB3FF2D}
		{7478B22C-CB31-4093-AB9C-8E1C4E8DD968} = {62DD857E-7DB8-47FF-AFAC-88F89AB3FF2D}
		{C3F9BDC6-6C7D-4000-A3BD-B7F5C7015BEB} = {62DD857E-7DB8-47FF-AFAC-88F89AB3FF2D}
		{E5453CD9-6587-484D-97E2-AE75206771F8} = {62DD857E-7DB8-47FF-AFAC-88F89AB3FF2D}
		{E6BF39E8-2957-4547-9F80-50A6AB6CFCE2} = {62DD857E-7DB8-47FF-AFAC-88F89AB3FF2D}
		{A6A867FE-3827-4F7D-BCB6-D0B29459C8AF} = {EAEEE9BB-F500-4270-A2D9-23BFBB391D45}
		{5973C421-2649-4BA7-B85D-B639351F2DD5} = {EAEEE9BB-F500-4270-A2D9-23BFBB391D45}
		{55991733-4817-484C-B109-E76B665100D0} = {EAEEE9BB-F500-4270-A2D9-23BFBB391D45}
		{F1814564-B7B0-4480-993C-698C364EBC04} = {EAEEE9BB-F500-4270-A2D9-23BFBB391D45}
		{78BD330B-ACED-438C-AB89-77FDF7F72742} = {EAEEE9BB-F500-4270-A2D9-23BFBB391D45}
	EndGlobalSection
	GlobalSection(ExtensibilityGlobals) = postSolution
		SolutionGuid = {0E186CCB-6441-4721-BA47-1C0F06A46447}
	EndGlobalSection
EndGlobal
